{
  "object": {
    "pins": [
      {
        "package": "Codextended",
        "repositoryURL": "https://github.com/JohnSundell/Codextended",
        "state": {
          "branch": null,
          "revision": "8d7c46dfc9c55240870cf5561d6cefa41e3d7105",
          "version": "0.3.0"
        }
      },
      {
        "package": "IQKeyboardManagerSwift",
        "repositoryURL": "https://github.com/hackiftekhar/IQKeyboardManager.git",
        "state": {
          "branch": null,
          "revision": "a911a481b9a031ea6ec949030871cbb851d01111",
          "version": "6.5.3"
        }
      },
      {
        "package": "ObjectMapper",
        "repositoryURL": "git@github.com:tristanhimmelman/ObjectMapper.git",
        "state": {
          "branch": null,
          "revision": "19d499c65b8240f1220d7cf155ccd309857f8018",
          "version": "3.5.1"
        }
      },
      {
        "package": "SnapKit",
        "repositoryURL": "git@github.com:SnapKit/SnapKit.git",
        "state": {
          "branch": null,
          "revision": "d458564516e5676af9c70b4f4b2a9178294f1bc6",
          "version": "5.0.1"
        }
      },
      {
        "package": "SwiftyUserDefaults",
        "repositoryURL": "git@github.com:sunshinejr/SwiftyUserDefaults.git",
        "state": {
          "branch": null,
          "revision": "dbd126b8957fc5af94d1ed5443f8f4b9405356ee",
          "version": "5.0.0-beta.5"
        }
      }
    ]
  },
  "version": 1
}
