// !$*UTF8*$!
{
	archiveVersion = 1;
	classes = {
	};
	objectVersion = 50;
	objects = {

/* Begin PBXBuildFile section */
		0E8611E67BA94825964453FA /* SnapKit.framework in Frameworks */ = {isa = PBXBuildFile; fileRef = 538967131DCEEECEA70FB8BA /* SnapKit.framework */; };
		853CC15E2360BF8900A3F4F3 /* DefaultsKeysExtension.swift in Sources */ = {isa = PBXBuildFile; fileRef = 853CC15D2360BF8900A3F4F3 /* DefaultsKeysExtension.swift */; };
		853CC1612360C3C200A3F4F3 /* SetupPageViewController.swift in Sources */ = {isa = PBXBuildFile; fileRef = 853CC1602360C3C200A3F4F3 /* SetupPageViewController.swift */; };
		85866CCB23151F5600B408E9 /* Assets.swift in Sources */ = {isa = PBXBuildFile; fileRef = 85866CCA23151F5600B408E9 /* Assets.swift */; };
		85866CD123154E6300B408E9 /* LexikonEntry.swift in Sources */ = {isa = PBXBuildFile; fileRef = 85866CD023154E6300B408E9 /* LexikonEntry.swift */; };
		85939C01231406A50009A009 /* AppDelegate.swift in Sources */ = {isa = PBXBuildFile; fileRef = 85939C00231406A50009A009 /* AppDelegate.swift */; };
		85939C06231406A50009A009 /* Main.storyboard in Resources */ = {isa = PBXBuildFile; fileRef = 85939C04231406A50009A009 /* Main.storyboard */; };
		85939C08231406A60009A009 /* Images.xcassets in Resources */ = {isa = PBXBuildFile; fileRef = 85939C07231406A60009A009 /* Images.xcassets */; };
		85939C0B231406A60009A009 /* LaunchScreen.storyboard in Resources */ = {isa = PBXBuildFile; fileRef = 85939C09231406A60009A009 /* LaunchScreen.storyboard */; };
		85939C152314075F0009A009 /* Colors.xcassets in Resources */ = {isa = PBXBuildFile; fileRef = 85939C142314075F0009A009 /* Colors.xcassets */; };
		85A3F82423463C29006A9473 /* Seminar.swift in Sources */ = {isa = PBXBuildFile; fileRef = 85A3F82323463C29006A9473 /* Seminar.swift */; };
		85A3F82723463CAA006A9473 /* .swiftlint.yml in Resources */ = {isa = PBXBuildFile; fileRef = 85A3F82623463CAA006A9473 /* .swiftlint.yml */; };
		85A3F82A23463D4D006A9473 /* LexikonEntries.swift in Sources */ = {isa = PBXBuildFile; fileRef = 85A3F82923463D4D006A9473 /* LexikonEntries.swift */; };
		85A3F82C23464290006A9473 /* Seminare.swift in Sources */ = {isa = PBXBuildFile; fileRef = 85A3F82B23464290006A9473 /* Seminare.swift */; };
		85AAD03A231ABCC900C0F813 /* LexikonTableViewController.swift in Sources */ = {isa = PBXBuildFile; fileRef = 85AAD039231ABCC900C0F813 /* LexikonTableViewController.swift */; };
		85AAD03E231ACC0400C0F813 /* InteractiveSheetViewController.swift in Sources */ = {isa = PBXBuildFile; fileRef = 85AAD03D231ACC0400C0F813 /* InteractiveSheetViewController.swift */; };
		85AAD040231ACC7600C0F813 /* Style.swift in Sources */ = {isa = PBXBuildFile; fileRef = 85AAD03F231ACC7600C0F813 /* Style.swift */; };
		85AAD043231ACCBA00C0F813 /* UIViewExtension.swift in Sources */ = {isa = PBXBuildFile; fileRef = 85AAD042231ACCBA00C0F813 /* UIViewExtension.swift */; };
		85AAD046231ACD3B00C0F813 /* LexikonDetailViewController.swift in Sources */ = {isa = PBXBuildFile; fileRef = 85AAD045231ACD3B00C0F813 /* LexikonDetailViewController.swift */; };
		85D4B419231E8E690010E55F /* HapticFeedbackManager.swift in Sources */ = {isa = PBXBuildFile; fileRef = 85D4B418231E8E690010E55F /* HapticFeedbackManager.swift */; };
		85E3F2F42314099D00E6B845 /* SeminarPlanViewController.swift in Sources */ = {isa = PBXBuildFile; fileRef = 85E3F2F32314099D00E6B845 /* SeminarPlanViewController.swift */; };
		85E3F2F6231409F000E6B845 /* MapViewController.swift in Sources */ = {isa = PBXBuildFile; fileRef = 85E3F2F5231409F000E6B845 /* MapViewController.swift */; };
		85E3F2F823140AAA00E6B845 /* MeinPaxAnViewController.swift in Sources */ = {isa = PBXBuildFile; fileRef = 85E3F2F723140AAA00E6B845 /* MeinPaxAnViewController.swift */; };
		85E3F38A23142B2A00E6B845 /* swiftgen.yml in Resources */ = {isa = PBXBuildFile; fileRef = 85E3F38923142B2A00E6B845 /* swiftgen.yml */; };
		CD3C8019640CC56CA601F0EA /* SwiftyUserDefaults.framework in Frameworks */ = {isa = PBXBuildFile; fileRef = A1E25D4001CF2E8A992A7C17 /* SwiftyUserDefaults.framework */; };
/* End PBXBuildFile section */

/* Begin PBXFileReference section */
		538967131DCEEECEA70FB8BA /* SnapKit.framework */ = {isa = PBXFileReference; explicitFileType = wrapper.framework; name = SnapKit.framework; path = Dependencies/iOS/SnapKit.framework; sourceTree = "<group>"; };
		853CC15D2360BF8900A3F4F3 /* DefaultsKeysExtension.swift */ = {isa = PBXFileReference; lastKnownFileType = sourcecode.swift; path = DefaultsKeysExtension.swift; sourceTree = "<group>"; };
		853CC1602360C3C200A3F4F3 /* SetupPageViewController.swift */ = {isa = PBXFileReference; lastKnownFileType = sourcecode.swift; path = SetupPageViewController.swift; sourceTree = "<group>"; };
		85866CCA23151F5600B408E9 /* Assets.swift */ = {isa = PBXFileReference; lastKnownFileType = sourcecode.swift; path = Assets.swift; sourceTree = "<group>"; };
		85866CD023154E6300B408E9 /* LexikonEntry.swift */ = {isa = PBXFileReference; lastKnownFileType = sourcecode.swift; path = LexikonEntry.swift; sourceTree = "<group>"; };
		85939BFD231406A50009A009 /* paXan.app */ = {isa = PBXFileReference; explicitFileType = wrapper.application; includeInIndex = 0; path = paXan.app; sourceTree = BUILT_PRODUCTS_DIR; };
		85939C00231406A50009A009 /* AppDelegate.swift */ = {isa = PBXFileReference; lastKnownFileType = sourcecode.swift; path = AppDelegate.swift; sourceTree = "<group>"; };
		85939C05231406A50009A009 /* Base */ = {isa = PBXFileReference; lastKnownFileType = file.storyboard; name = Base; path = Base.lproj/Main.storyboard; sourceTree = "<group>"; };
		85939C07231406A60009A009 /* Images.xcassets */ = {isa = PBXFileReference; lastKnownFileType = folder.assetcatalog; path = Images.xcassets; sourceTree = "<group>"; };
		85939C0A231406A60009A009 /* Base */ = {isa = PBXFileReference; lastKnownFileType = file.storyboard; name = Base; path = Base.lproj/LaunchScreen.storyboard; sourceTree = "<group>"; };
		85939C0C231406A60009A009 /* Info.plist */ = {isa = PBXFileReference; lastKnownFileType = text.plist.xml; path = Info.plist; sourceTree = "<group>"; };
		85939C142314075F0009A009 /* Colors.xcassets */ = {isa = PBXFileReference; lastKnownFileType = folder.assetcatalog; path = Colors.xcassets; sourceTree = "<group>"; };
		85A3F82323463C29006A9473 /* Seminar.swift */ = {isa = PBXFileReference; lastKnownFileType = sourcecode.swift; path = Seminar.swift; sourceTree = "<group>"; };
		85A3F82623463CAA006A9473 /* .swiftlint.yml */ = {isa = PBXFileReference; lastKnownFileType = text.yaml; path = .swiftlint.yml; sourceTree = "<group>"; };
		85A3F82923463D4D006A9473 /* LexikonEntries.swift */ = {isa = PBXFileReference; lastKnownFileType = sourcecode.swift; path = LexikonEntries.swift; sourceTree = "<group>"; };
		85A3F82B23464290006A9473 /* Seminare.swift */ = {isa = PBXFileReference; lastKnownFileType = sourcecode.swift; path = Seminare.swift; sourceTree = "<group>"; };
		85AAD039231ABCC900C0F813 /* LexikonTableViewController.swift */ = {isa = PBXFileReference; lastKnownFileType = sourcecode.swift; path = LexikonTableViewController.swift; sourceTree = "<group>"; };
		85AAD03D231ACC0400C0F813 /* InteractiveSheetViewController.swift */ = {isa = PBXFileReference; lastKnownFileType = sourcecode.swift; path = InteractiveSheetViewController.swift; sourceTree = "<group>"; };
		85AAD03F231ACC7600C0F813 /* Style.swift */ = {isa = PBXFileReference; lastKnownFileType = sourcecode.swift; path = Style.swift; sourceTree = "<group>"; };
		85AAD042231ACCBA00C0F813 /* UIViewExtension.swift */ = {isa = PBXFileReference; lastKnownFileType = sourcecode.swift; path = UIViewExtension.swift; sourceTree = "<group>"; };
		85AAD045231ACD3B00C0F813 /* LexikonDetailViewController.swift */ = {isa = PBXFileReference; lastKnownFileType = sourcecode.swift; path = LexikonDetailViewController.swift; sourceTree = "<group>"; };
		85D4B418231E8E690010E55F /* HapticFeedbackManager.swift */ = {isa = PBXFileReference; lastKnownFileType = sourcecode.swift; path = HapticFeedbackManager.swift; sourceTree = "<group>"; };
		85E3F2F32314099D00E6B845 /* SeminarPlanViewController.swift */ = {isa = PBXFileReference; lastKnownFileType = sourcecode.swift; path = SeminarPlanViewController.swift; sourceTree = "<group>"; };
		85E3F2F5231409F000E6B845 /* MapViewController.swift */ = {isa = PBXFileReference; lastKnownFileType = sourcecode.swift; path = MapViewController.swift; sourceTree = "<group>"; };
		85E3F2F723140AAA00E6B845 /* MeinPaxAnViewController.swift */ = {isa = PBXFileReference; lastKnownFileType = sourcecode.swift; path = MeinPaxAnViewController.swift; sourceTree = "<group>"; };
		85E3F38923142B2A00E6B845 /* swiftgen.yml */ = {isa = PBXFileReference; fileEncoding = 4; lastKnownFileType = text; path = swiftgen.yml; sourceTree = "<group>"; };
		A1E25D4001CF2E8A992A7C17 /* SwiftyUserDefaults.framework */ = {isa = PBXFileReference; explicitFileType = wrapper.framework; name = SwiftyUserDefaults.framework; path = Dependencies/iOS/SwiftyUserDefaults.framework; sourceTree = "<group>"; };
/* End PBXFileReference section */

/* Begin PBXFrameworksBuildPhase section */
		85939BFA231406A50009A009 /* Frameworks */ = {
			isa = PBXFrameworksBuildPhase;
			buildActionMask = 2147483647;
			files = (
				0E8611E67BA94825964453FA /* SnapKit.framework in Frameworks */,
				CD3C8019640CC56CA601F0EA /* SwiftyUserDefaults.framework in Frameworks */,
			);
			runOnlyForDeploymentPostprocessing = 0;
		};
/* End PBXFrameworksBuildPhase section */

/* Begin PBXGroup section */
		1A01167B88F121C71A885B9D /* paXan */ = {
			isa = PBXGroup;
			children = (
				538967131DCEEECEA70FB8BA /* SnapKit.framework */,
				A1E25D4001CF2E8A992A7C17 /* SwiftyUserDefaults.framework */,
			);
			name = paXan;
			sourceTree = "<group>";
		};
		77747A9D949475995EE0B140 /* Dependencies */ = {
			isa = PBXGroup;
			children = (
				1A01167B88F121C71A885B9D /* paXan */,
			);
			name = Dependencies;
			sourceTree = "<group>";
		};
		853CC15F2360C3B400A3F4F3 /* SetupViewController */ = {
			isa = PBXGroup;
			children = (
				853CC1622360C5A500A3F4F3 /* Pages */,
				853CC1602360C3C200A3F4F3 /* SetupPageViewController.swift */,
			);
			path = SetupViewController;
			sourceTree = "<group>";
		};
		853CC1622360C5A500A3F4F3 /* Pages */ = {
			isa = PBXGroup;
			children = (
			);
			path = Pages;
			sourceTree = "<group>";
		};
		855138BA2321901000538CE9 /* Generated */ = {
			isa = PBXGroup;
			children = (
				855138BB2321901000538CE9 /* SwiftGen */,
			);
			name = Generated;
			path = App/Generated;
			sourceTree = SOURCE_ROOT;
		};
		855138BB2321901000538CE9 /* SwiftGen */ = {
			isa = PBXGroup;
			children = (
			);
			path = SwiftGen;
			sourceTree = "<group>";
		};
		85866CD223154E6600B408E9 /* Models */ = {
			isa = PBXGroup;
			children = (
				85866CD023154E6300B408E9 /* LexikonEntry.swift */,
				85A3F82323463C29006A9473 /* Seminar.swift */,
			);
			path = Models;
			sourceTree = "<group>";
		};
		85939BF4231406A50009A009 = {
			isa = PBXGroup;
			children = (
				85A3F82623463CAA006A9473 /* .swiftlint.yml */,
				85E3F38923142B2A00E6B845 /* swiftgen.yml */,
				85939BFF231406A50009A009 /* App */,
				85E3F2F923140B7000E6B845 /* Dependencies */,
				77747A9D949475995EE0B140 /* Dependencies */,
			);
			sourceTree = "<group>";
		};
		85939BFE231406A50009A009 /* Products */ = {
			isa = PBXGroup;
			children = (
				85939BFD231406A50009A009 /* paXan.app */,
			);
			name = Products;
			path = ..;
			sourceTree = "<group>";
		};
		85939BFF231406A50009A009 /* App */ = {
			isa = PBXGroup;
			children = (
				85A3F82823463D40006A9473 /* Data */,
				855138BA2321901000538CE9 /* Generated */,
				85939C122314073C0009A009 /* Sources */,
				85E3F39023142BBE00E6B845 /* Resources */,
				85939C04231406A50009A009 /* Main.storyboard */,
				85939C09231406A60009A009 /* LaunchScreen.storyboard */,
				85939C0C231406A60009A009 /* Info.plist */,
				85939BFE231406A50009A009 /* Products */,
			);
			path = App;
			sourceTree = "<group>";
		};
		85939C122314073C0009A009 /* Sources */ = {
			isa = PBXGroup;
			children = (
				85AAD041231ACCA800C0F813 /* Extensions */,
				85AAD03B231ACBF100C0F813 /* Global */,
				85939C00231406A50009A009 /* AppDelegate.swift */,
				85866CD223154E6600B408E9 /* Models */,
				85939C13231407450009A009 /* Views */,
				85AAD044231ACD2C00C0F813 /* Other */,
			);
			path = Sources;
			sourceTree = "<group>";
		};
		85939C13231407450009A009 /* Views */ = {
			isa = PBXGroup;
			children = (
				85AAD039231ABCC900C0F813 /* LexikonTableViewController.swift */,
				85E3F2F32314099D00E6B845 /* SeminarPlanViewController.swift */,
				85E3F2F5231409F000E6B845 /* MapViewController.swift */,
				85E3F2F723140AAA00E6B845 /* MeinPaxAnViewController.swift */,
			);
			path = Views;
			sourceTree = "<group>";
		};
		85A3F82823463D40006A9473 /* Data */ = {
			isa = PBXGroup;
			children = (
				85A3F82923463D4D006A9473 /* LexikonEntries.swift */,
				85A3F82B23464290006A9473 /* Seminare.swift */,
			);
			path = Data;
			sourceTree = "<group>";
		};
		85AAD03B231ACBF100C0F813 /* Global */ = {
			isa = PBXGroup;
			children = (
				85AAD03C231ACBF500C0F813 /* Views */,
				85D4B418231E8E690010E55F /* HapticFeedbackManager.swift */,
			);
			path = Global;
			sourceTree = "<group>";
		};
		85AAD03C231ACBF500C0F813 /* Views */ = {
			isa = PBXGroup;
			children = (
				85AAD03D231ACC0400C0F813 /* InteractiveSheetViewController.swift */,
				85AAD03F231ACC7600C0F813 /* Style.swift */,
			);
			path = Views;
			sourceTree = "<group>";
		};
		85AAD041231ACCA800C0F813 /* Extensions */ = {
			isa = PBXGroup;
			children = (
				85AAD042231ACCBA00C0F813 /* UIViewExtension.swift */,
				853CC15D2360BF8900A3F4F3 /* DefaultsKeysExtension.swift */,
			);
			path = Extensions;
			sourceTree = "<group>";
		};
		85AAD044231ACD2C00C0F813 /* Other */ = {
			isa = PBXGroup;
			children = (
				853CC15F2360C3B400A3F4F3 /* SetupViewController */,
				85AAD045231ACD3B00C0F813 /* LexikonDetailViewController.swift */,
			);
			path = Other;
			sourceTree = "<group>";
		};
		85E3F2F923140B7000E6B845 /* Dependencies */ = {
			isa = PBXGroup;
			children = (
			);
			path = Dependencies;
			sourceTree = "<group>";
		};
		85E3F39023142BBE00E6B845 /* Resources */ = {
			isa = PBXGroup;
			children = (
				85939C142314075F0009A009 /* Colors.xcassets */,
				85939C07231406A60009A009 /* Images.xcassets */,
				85866CCA23151F5600B408E9 /* Assets.swift */,
			);
			path = Resources;
			sourceTree = "<group>";
		};
/* End PBXGroup section */

/* Begin PBXNativeTarget section */
		85939BFC231406A50009A009 /* paXan */ = {
			isa = PBXNativeTarget;
			buildConfigurationList = 85939C0F231406A60009A009 /* Build configuration list for PBXNativeTarget "paXan" */;
			buildPhases = (
				85E3F38D23142B4900E6B845 /* SwiftGen */,
				85939BF9231406A50009A009 /* Sources */,
				85939BFA231406A50009A009 /* Frameworks */,
				85939BFB231406A50009A009 /* Resources */,
				8C77395FCC121EC2EC52AE1A /* Accio */,
				85A3F82523463C5A006A9473 /* SwiftLint */,
			);
			buildRules = (
			);
			dependencies = (
			);
			name = paXan;
			productName = paXan;
			productReference = 85939BFD231406A50009A009 /* paXan.app */;
			productType = "com.apple.product-type.application";
		};
/* End PBXNativeTarget section */

/* Begin PBXProject section */
		85939BF5231406A50009A009 /* Project object */ = {
			isa = PBXProject;
			attributes = {
				LastSwiftUpdateCheck = 1030;
				LastUpgradeCheck = 1030;
				ORGANIZATIONNAME = SWDEC;
				TargetAttributes = {
					85939BFC231406A50009A009 = {
						CreatedOnToolsVersion = 10.3;
					};
				};
			};
			buildConfigurationList = 85939BF8231406A50009A009 /* Build configuration list for PBXProject "paXan" */;
			compatibilityVersion = "Xcode 9.3";
			developmentRegion = en;
			hasScannedForEncodings = 0;
			knownRegions = (
				en,
				Base,
			);
			mainGroup = 85939BF4231406A50009A009;
			productRefGroup = 85939BFE231406A50009A009 /* Products */;
			projectDirPath = "";
			projectRoot = "";
			targets = (
				85939BFC231406A50009A009 /* paXan */,
			);
		};
/* End PBXProject section */

/* Begin PBXResourcesBuildPhase section */
		85939BFB231406A50009A009 /* Resources */ = {
			isa = PBXResourcesBuildPhase;
			buildActionMask = 2147483647;
			files = (
				85A3F82723463CAA006A9473 /* .swiftlint.yml in Resources */,
				85939C0B231406A60009A009 /* LaunchScreen.storyboard in Resources */,
				85939C152314075F0009A009 /* Colors.xcassets in Resources */,
				85E3F38A23142B2A00E6B845 /* swiftgen.yml in Resources */,
				85939C08231406A60009A009 /* Images.xcassets in Resources */,
				85939C06231406A50009A009 /* Main.storyboard in Resources */,
			);
			runOnlyForDeploymentPostprocessing = 0;
		};
/* End PBXResourcesBuildPhase section */

/* Begin PBXShellScriptBuildPhase section */
		85A3F82523463C5A006A9473 /* SwiftLint */ = {
			isa = PBXShellScriptBuildPhase;
			buildActionMask = 2147483647;
			files = (
			);
			inputFileListPaths = (
			);
			inputPaths = (
			);
			name = SwiftLint;
			outputFileListPaths = (
			);
			outputPaths = (
			);
			runOnlyForDeploymentPostprocessing = 0;
			shellPath = /bin/sh;
			shellScript = "if which swiftlint >/dev/null; then\n  swiftlint\nelse\n  echo \"warning: SwiftLint not installed, download from https://github.com/realm/SwiftLint\"\nfi\n";
		};
		85E3F38D23142B4900E6B845 /* SwiftGen */ = {
			isa = PBXShellScriptBuildPhase;
			buildActionMask = 2147483647;
			files = (
			);
			inputFileListPaths = (
			);
			inputPaths = (
			);
			name = SwiftGen;
			outputFileListPaths = (
			);
			outputPaths = (
			);
			runOnlyForDeploymentPostprocessing = 0;
			shellPath = /bin/sh;
			shellScript = "if which swiftgen > /dev/null; then\n    swiftgen\nelse\n    echo \"warning: SwiftGen not installed, download it from https://github.com/AliSoftware/SwiftGen\"\nfi\n\n";
		};
		8C77395FCC121EC2EC52AE1A /* Accio */ = {
			isa = PBXShellScriptBuildPhase;
			buildActionMask = 2147483647;
			files = (
			);
			inputPaths = (
				"$(SRCROOT)/Dependencies/iOS/SnapKit.framework",
				"$(SRCROOT)/Dependencies/iOS/SwiftyUserDefaults.framework",
			);
			name = Accio;
			outputPaths = (
				"$(BUILT_PRODUCTS_DIR)/$(FRAMEWORKS_FOLDER_PATH)/SnapKit.framework",
				"$(BUILT_PRODUCTS_DIR)/$(FRAMEWORKS_FOLDER_PATH)/SwiftyUserDefaults.framework",
			);
			runOnlyForDeploymentPostprocessing = 0;
			shellPath = /bin/sh;
			shellScript = "/usr/local/bin/carthage copy-frameworks";
		};
/* End PBXShellScriptBuildPhase section */

/* Begin PBXSourcesBuildPhase section */
		85939BF9231406A50009A009 /* Sources */ = {
			isa = PBXSourcesBuildPhase;
			buildActionMask = 2147483647;
			files = (
				85A3F82423463C29006A9473 /* Seminar.swift in Sources */,
				85A3F82C23464290006A9473 /* Seminare.swift in Sources */,
				85E3F2F42314099D00E6B845 /* SeminarPlanViewController.swift in Sources */,
				85AAD040231ACC7600C0F813 /* Style.swift in Sources */,
				85AAD043231ACCBA00C0F813 /* UIViewExtension.swift in Sources */,
				85E3F2F823140AAA00E6B845 /* MeinPaxAnViewController.swift in Sources */,
				85AAD03E231ACC0400C0F813 /* InteractiveSheetViewController.swift in Sources */,
				853CC15E2360BF8900A3F4F3 /* DefaultsKeysExtension.swift in Sources */,
				85D4B419231E8E690010E55F /* HapticFeedbackManager.swift in Sources */,
				85A3F82A23463D4D006A9473 /* LexikonEntries.swift in Sources */,
				853CC1612360C3C200A3F4F3 /* SetupPageViewController.swift in Sources */,
				85866CD123154E6300B408E9 /* LexikonEntry.swift in Sources */,
				85939C01231406A50009A009 /* AppDelegate.swift in Sources */,
				85AAD046231ACD3B00C0F813 /* LexikonDetailViewController.swift in Sources */,
				85866CCB23151F5600B408E9 /* Assets.swift in Sources */,
				85E3F2F6231409F000E6B845 /* MapViewController.swift in Sources */,
				85AAD03A231ABCC900C0F813 /* LexikonTableViewController.swift in Sources */,
			);
			runOnlyForDeploymentPostprocessing = 0;
		};
/* End PBXSourcesBuildPhase section */

/* Begin PBXVariantGroup section */
		85939C04231406A50009A009 /* Main.storyboard */ = {
			isa = PBXVariantGroup;
			children = (
				85939C05231406A50009A009 /* Base */,
			);
			name = Main.storyboard;
			sourceTree = "<group>";
		};
		85939C09231406A60009A009 /* LaunchScreen.storyboard */ = {
			isa = PBXVariantGroup;
			children = (
				85939C0A231406A60009A009 /* Base */,
			);
			name = LaunchScreen.storyboard;
			sourceTree = "<group>";
		};
/* End PBXVariantGroup section */

/* Begin XCBuildConfiguration section */
		85939C0D231406A60009A009 /* Debug */ = {
			isa = XCBuildConfiguration;
			buildSettings = {
				ALWAYS_SEARCH_USER_PATHS = NO;
				CLANG_ANALYZER_NONNULL = YES;
				CLANG_ANALYZER_NUMBER_OBJECT_CONVERSION = YES_AGGRESSIVE;
				CLANG_CXX_LANGUAGE_STANDARD = "gnu++14";
				CLANG_CXX_LIBRARY = "libc++";
				CLANG_ENABLE_MODULES = YES;
				CLANG_ENABLE_OBJC_ARC = YES;
				CLANG_ENABLE_OBJC_WEAK = YES;
				CLANG_WARN_BLOCK_CAPTURE_AUTORELEASING = YES;
				CLANG_WARN_BOOL_CONVERSION = YES;
				CLANG_WARN_COMMA = YES;
				CLANG_WARN_CONSTANT_CONVERSION = YES;
				CLANG_WARN_DEPRECATED_OBJC_IMPLEMENTATIONS = YES;
				CLANG_WARN_DIRECT_OBJC_ISA_USAGE = YES_ERROR;
				CLANG_WARN_DOCUMENTATION_COMMENTS = YES;
				CLANG_WARN_EMPTY_BODY = YES;
				CLANG_WARN_ENUM_CONVERSION = YES;
				CLANG_WARN_INFINITE_RECURSION = YES;
				CLANG_WARN_INT_CONVERSION = YES;
				CLANG_WARN_NON_LITERAL_NULL_CONVERSION = YES;
				CLANG_WARN_OBJC_IMPLICIT_RETAIN_SELF = YES;
				CLANG_WARN_OBJC_LITERAL_CONVERSION = YES;
				CLANG_WARN_OBJC_ROOT_CLASS = YES_ERROR;
				CLANG_WARN_RANGE_LOOP_ANALYSIS = YES;
				CLANG_WARN_STRICT_PROTOTYPES = YES;
				CLANG_WARN_SUSPICIOUS_MOVE = YES;
				CLANG_WARN_UNGUARDED_AVAILABILITY = YES_AGGRESSIVE;
				CLANG_WARN_UNREACHABLE_CODE = YES;
				CLANG_WARN__DUPLICATE_METHOD_MATCH = YES;
				CODE_SIGN_IDENTITY = "iPhone Developer";
				COPY_PHASE_STRIP = NO;
				DEBUG_INFORMATION_FORMAT = dwarf;
				ENABLE_STRICT_OBJC_MSGSEND = YES;
				ENABLE_TESTABILITY = YES;
				GCC_C_LANGUAGE_STANDARD = gnu11;
				GCC_DYNAMIC_NO_PIC = NO;
				GCC_NO_COMMON_BLOCKS = YES;
				GCC_OPTIMIZATION_LEVEL = 0;
				GCC_PREPROCESSOR_DEFINITIONS = (
					"DEBUG=1",
					"$(inherited)",
				);
				GCC_WARN_64_TO_32_BIT_CONVERSION = YES;
				GCC_WARN_ABOUT_RETURN_TYPE = YES_ERROR;
				GCC_WARN_UNDECLARED_SELECTOR = YES;
				GCC_WARN_UNINITIALIZED_AUTOS = YES_AGGRESSIVE;
				GCC_WARN_UNUSED_FUNCTION = YES;
				GCC_WARN_UNUSED_VARIABLE = YES;
				IPHONEOS_DEPLOYMENT_TARGET = 12.4;
				MTL_ENABLE_DEBUG_INFO = INCLUDE_SOURCE;
				MTL_FAST_MATH = YES;
				ONLY_ACTIVE_ARCH = YES;
				SDKROOT = iphoneos;
				SWIFT_ACTIVE_COMPILATION_CONDITIONS = DEBUG;
				SWIFT_OPTIMIZATION_LEVEL = "-Onone";
			};
			name = Debug;
		};
		85939C0E231406A60009A009 /* Release */ = {
			isa = XCBuildConfiguration;
			buildSettings = {
				ALWAYS_SEARCH_USER_PATHS = NO;
				CLANG_ANALYZER_NONNULL = YES;
				CLANG_ANALYZER_NUMBER_OBJECT_CONVERSION = YES_AGGRESSIVE;
				CLANG_CXX_LANGUAGE_STANDARD = "gnu++14";
				CLANG_CXX_LIBRARY = "libc++";
				CLANG_ENABLE_MODULES = YES;
				CLANG_ENABLE_OBJC_ARC = YES;
				CLANG_ENABLE_OBJC_WEAK = YES;
				CLANG_WARN_BLOCK_CAPTURE_AUTORELEASING = YES;
				CLANG_WARN_BOOL_CONVERSION = YES;
				CLANG_WARN_COMMA = YES;
				CLANG_WARN_CONSTANT_CONVERSION = YES;
				CLANG_WARN_DEPRECATED_OBJC_IMPLEMENTATIONS = YES;
				CLANG_WARN_DIRECT_OBJC_ISA_USAGE = YES_ERROR;
				CLANG_WARN_DOCUMENTATION_COMMENTS = YES;
				CLANG_WARN_EMPTY_BODY = YES;
				CLANG_WARN_ENUM_CONVERSION = YES;
				CLANG_WARN_INFINITE_RECURSION = YES;
				CLANG_WARN_INT_CONVERSION = YES;
				CLANG_WARN_NON_LITERAL_NULL_CONVERSION = YES;
				CLANG_WARN_OBJC_IMPLICIT_RETAIN_SELF = YES;
				CLANG_WARN_OBJC_LITERAL_CONVERSION = YES;
				CLANG_WARN_OBJC_ROOT_CLASS = YES_ERROR;
				CLANG_WARN_RANGE_LOOP_ANALYSIS = YES;
				CLANG_WARN_STRICT_PROTOTYPES = YES;
				CLANG_WARN_SUSPICIOUS_MOVE = YES;
				CLANG_WARN_UNGUARDED_AVAILABILITY = YES_AGGRESSIVE;
				CLANG_WARN_UNREACHABLE_CODE = YES;
				CLANG_WARN__DUPLICATE_METHOD_MATCH = YES;
				CODE_SIGN_IDENTITY = "iPhone Developer";
				COPY_PHASE_STRIP = NO;
				DEBUG_INFORMATION_FORMAT = "dwarf-with-dsym";
				ENABLE_NS_ASSERTIONS = NO;
				ENABLE_STRICT_OBJC_MSGSEND = YES;
				GCC_C_LANGUAGE_STANDARD = gnu11;
				GCC_NO_COMMON_BLOCKS = YES;
				GCC_WARN_64_TO_32_BIT_CONVERSION = YES;
				GCC_WARN_ABOUT_RETURN_TYPE = YES_ERROR;
				GCC_WARN_UNDECLARED_SELECTOR = YES;
				GCC_WARN_UNINITIALIZED_AUTOS = YES_AGGRESSIVE;
				GCC_WARN_UNUSED_FUNCTION = YES;
				GCC_WARN_UNUSED_VARIABLE = YES;
				IPHONEOS_DEPLOYMENT_TARGET = 12.4;
				MTL_ENABLE_DEBUG_INFO = NO;
				MTL_FAST_MATH = YES;
				SDKROOT = iphoneos;
				SWIFT_COMPILATION_MODE = wholemodule;
				SWIFT_OPTIMIZATION_LEVEL = "-O";
				VALIDATE_PRODUCT = YES;
			};
			name = Release;
		};
		85939C10231406A60009A009 /* Debug */ = {
			isa = XCBuildConfiguration;
			buildSettings = {
				ASSETCATALOG_COMPILER_APPICON_NAME = AppIcon;
				CODE_SIGN_STYLE = Automatic;
				DEVELOPMENT_TEAM = 6N5F2VGD4A;
				FRAMEWORK_SEARCH_PATHS = (
					"$(inherited)",
					"$(PROJECT_DIR)/Dependencies/iOS",
				);
				INFOPLIST_FILE = App/Info.plist;
				LD_RUNPATH_SEARCH_PATHS = (
					"$(inherited)",
					"@executable_path/Frameworks",
				);
				PRODUCT_BUNDLE_IDENTIFIER = swdec.paXan;
				PRODUCT_NAME = "$(TARGET_NAME)";
				SWIFT_VERSION = 5.0;
				TARGETED_DEVICE_FAMILY = 1;
			};
			name = Debug;
		};
		85939C11231406A60009A009 /* Release */ = {
			isa = XCBuildConfiguration;
			buildSettings = {
				ASSETCATALOG_COMPILER_APPICON_NAME = AppIcon;
				CODE_SIGN_STYLE = Automatic;
				DEVELOPMENT_TEAM = 6N5F2VGD4A;
				FRAMEWORK_SEARCH_PATHS = (
					"$(inherited)",
					"$(PROJECT_DIR)/Dependencies/iOS",
				);
				INFOPLIST_FILE = App/Info.plist;
				LD_RUNPATH_SEARCH_PATHS = (
					"$(inherited)",
					"@executable_path/Frameworks",
				);
				PRODUCT_BUNDLE_IDENTIFIER = swdec.paXan;
				PRODUCT_NAME = "$(TARGET_NAME)";
				SWIFT_VERSION = 5.0;
				TARGETED_DEVICE_FAMILY = 1;
			};
			name = Release;
		};
/* End XCBuildConfiguration section */

/* Begin XCConfigurationList section */
		85939BF8231406A50009A009 /* Build configuration list for PBXProject "paXan" */ = {
			isa = XCConfigurationList;
			buildConfigurations = (
				85939C0D231406A60009A009 /* Debug */,
				85939C0E231406A60009A009 /* Release */,
			);
			defaultConfigurationIsVisible = 0;
			defaultConfigurationName = Release;
		};
		85939C0F231406A60009A009 /* Build configuration list for PBXNativeTarget "paXan" */ = {
			isa = XCConfigurationList;
			buildConfigurations = (
				85939C10231406A60009A009 /* Debug */,
				85939C11231406A60009A009 /* Release */,
			);
			defaultConfigurationIsVisible = 0;
			defaultConfigurationName = Release;
		};
/* End XCConfigurationList section */
	};
	rootObject = 85939BF5231406A50009A009 /* Project object */;
}
